<?xml version="1.0" encoding="utf-8"?>
<Project ToolsVersion="4.0" xmlns="http://schemas.microsoft.com/developer/msbuild/2003">
  <ItemGroup>
    <ClCompile Include="Main.cpp" />
    <ClCompile Include="Dictionary.cpp">
      <Filter>GameObjects</Filter>
    </ClCompile>
    <ClCompile Include="CourseGame.cpp">
      <Filter>States</Filter>
    </ClCompile>
    <ClCompile Include="KeyboardMaster.cpp" />
    <ClCompile Include="MainMenu.cpp">
      <Filter>States</Filter>
    </ClCompile>
    <ClCompile Include="WordsAttackGame.cpp">
      <Filter>States</Filter>
    </ClCompile>
    <ClCompile Include="GalleryGame.cpp">
      <Filter>States</Filter>
    </ClCompile>
    <ClCompile Include="WritingGame.cpp">
      <Filter>States</Filter>
    </ClCompile>
    <ClCompile Include="Picture.cpp">
      <Filter>GameObjects</Filter>
    </ClCompile>
    <ClCompile Include="WordBlock.cpp">
      <Filter>GameObjects</Filter>
    </ClCompile>
  </ItemGroup>
  <ItemGroup>
    <ClInclude Include="tinyutf.h">
      <Filter>3rdparty</Filter>
    </ClInclude>
    <ClInclude Include="VirtualKeyboard.hpp">
      <Filter>GameObjects</Filter>
    </ClInclude>
    <ClInclude Include="Dictionary.hpp">
      <Filter>GameObjects</Filter>
    </ClInclude>
    <ClInclude Include="KeyboardTyper.hpp">
      <Filter>GameObjects</Filter>
    </ClInclude>
    <ClInclude Include="WordBlock.hpp">
      <Filter>GameObjects</Filter>
    </ClInclude>
    <ClInclude Include="CourseGame.hpp">
      <Filter>States</Filter>
    </ClInclude>
    <ClInclude Include="CourseText.hpp">
      <Filter>GameObjects</Filter>
    </ClInclude>
    <ClInclude Include="GalleryGame.hpp">
      <Filter>States</Filter>
    </ClInclude>
    <ClInclude Include="PictureElement.hpp">
      <Filter>GameObjects</Filter>
    </ClInclude>
    <ClInclude Include="Metronome.hpp" />
    <ClInclude Include="Misc.hpp" />
    <ClInclude Include="SimpleApplication.hpp" />
    <ClInclude Include="KeyboardMaster.hpp" />
    <ClInclude Include="MainMenu.hpp">
      <Filter>States</Filter>
    </ClInclude>
    <ClInclude Include="CourseMenu.hpp">
      <Filter>States</Filter>
    </ClInclude>
    <ClInclude Include="WordsAttackGame.hpp">
      <Filter>States</Filter>
    </ClInclude>
    <ClInclude Include="WritingGame.hpp">
      <Filter>States</Filter>
    </ClInclude>
    <ClInclude Include="CommentCloud.hpp">
      <Filter>GameObjects</Filter>
    </ClInclude>
    <ClInclude Include="Picture.hpp">
      <Filter>GameObjects</Filter>
    </ClInclude>
    <ClInclude Include="Scheduler.hpp" />
  </ItemGroup>
  <ItemGroup>
    <Filter Include="3rdparty">
      <UniqueIdentifier>{f51f5224-9e55-44c5-b8b8-d091a5ea91e7}</UniqueIdentifier>
    </Filter>
    <Filter Include="GameObjects">
      <UniqueIdentifier>{90c97902-d24e-4652-b241-7dca7fe5555b}</UniqueIdentifier>
    </Filter>
    <Filter Include="States">
      <UniqueIdentifier>{e651a726-8029-47c3-a170-bf7353aa7064}</UniqueIdentifier>
    </Filter>
  </ItemGroup>
</Project>