
Microsoft Visual Studio Solution File, Format Version 12.00
# Visual Studio 15
VisualStudioVersion = 15.0.27004.2002
MinimumVisualStudioVersion = 10.0.40219.1
Project("{8BC9CEB8-8B4A-11D0-8D11-00A0C91BC942}") = "FrameworkApp", "Framework\Framework.vcxproj", "{1AD4D12F-FE20-4E09-84B7-14BCA279BF17}"
EndProject
Project("{8BC9CEB8-8B4A-11D0-8D11-00A0C91BC942}") = "FrameworkLib", "FrameworkLib\FrameworkLib.vcxproj", "{479590DF-7EF1-4134-BAEC-04F0B1A09C93}"
EndProject
Project("{8BC9CEB8-8B4A-11D0-8D11-00A0C91BC942}") = "FrameworkUT", "FrameworkUT\FrameworkUT.vcxproj", "{FAF99277-8854-4107-9B4B-7887083466EC}"
EndProject
Project("{8BC9CEB8-8B4A-11D0-8D11-00A0C91BC942}") = "GoogleTest", "GoogleTest\GoogleTest.vcxproj", "{5ED325EB-03E7-41FB-8F55-27CC0569E465}"
EndProject
Project("{8BC9CEB8-8B4A-11D0-8D11-00A0C91BC942}") = "KeyboardMaster", "KeyboardMaster\KeyboardMaster.vcxproj", "{37E8DE98-4349-4F41-B21F-94B8B57BB035}"
EndProject
Global
	GlobalSection(SolutionConfigurationPlatforms) = preSolution
		Debug|x64 = Debug|x64
		Debug|x86 = Debug|x86
		Release|x64 = Release|x64
		Release|x86 = Release|x86
	EndGlobalSection
	GlobalSection(ProjectConfigurationPlatforms) = postSolution
		{1AD4D12F-FE20-4E09-84B7-14BCA279BF17}.Debug|x64.ActiveCfg = Debug|x64
		{1AD4D12F-FE20-4E09-84B7-14BCA279BF17}.Debug|x64.Build.0 = Debug|x64
		{1AD4D12F-FE20-4E09-84B7-14BCA279BF17}.Debug|x86.ActiveCfg = Debug|Win32
		{1AD4D12F-FE20-4E09-84B7-14BCA279BF17}.Debug|x86.Build.0 = Debug|Win32
		{1AD4D12F-FE20-4E09-84B7-14BCA279BF17}.Release|x64.ActiveCfg = Release|x64
		{1AD4D12F-FE20-4E09-84B7-14BCA279BF17}.Release|x64.Build.0 = Release|x64
		{1AD4D12F-FE20-4E09-84B7-14BCA279BF17}.Release|x86.ActiveCfg = Release|Win32
		{1AD4D12F-FE20-4E09-84B7-14BCA279BF17}.Release|x86.Build.0 = Release|Win32
		{479590DF-7EF1-4134-BAEC-04F0B1A09C93}.Debug|x64.ActiveCfg = Debug|x64
		{479590DF-7EF1-4134-BAEC-04F0B1A09C93}.Debug|x64.Build.0 = Debug|x64
		{479590DF-7EF1-4134-BAEC-04F0B1A09C93}.Debug|x86.ActiveCfg = Debug|Win32
		{479590DF-7EF1-4134-BAEC-04F0B1A09C93}.Debug|x86.Build.0 = Debug|Win32
		{479590DF-7EF1-4134-BAEC-04F0B1A09C93}.Release|x64.ActiveCfg = Release|x64
		{479590DF-7EF1-4134-BAEC-04F0B1A09C93}.Release|x64.Build.0 = Release|x64
		{479590DF-7EF1-4134-BAEC-04F0B1A09C93}.Release|x86.ActiveCfg = Release|Win32
		{479590DF-7EF1-4134-BAEC-04F0B1A09C93}.Release|x86.Build.0 = Release|Win32
		{FAF99277-8854-4107-9B4B-7887083466EC}.Debug|x64.ActiveCfg = Debug|x64
		{FAF99277-8854-4107-9B4B-7887083466EC}.Debug|x64.Build.0 = Debug|x64
		{FAF99277-8854-4107-9B4B-7887083466EC}.Debug|x86.ActiveCfg = Debug|Win32
		{FAF99277-8854-4107-9B4B-7887083466EC}.Debug|x86.Build.0 = Debug|Win32
		{FAF99277-8854-4107-9B4B-7887083466EC}.Release|x64.ActiveCfg = Release|x64
		{FAF99277-8854-4107-9B4B-7887083466EC}.Release|x64.Build.0 = Release|x64
		{FAF99277-8854-4107-9B4B-7887083466EC}.Release|x86.ActiveCfg = Release|Win32
		{FAF99277-8854-4107-9B4B-7887083466EC}.Release|x86.Build.0 = Release|Win32
		{5ED325EB-03E7-41FB-8F55-27CC0569E465}.Debug|x64.ActiveCfg = Debug|x64
		{5ED325EB-03E7-41FB-8F55-27CC0569E465}.Debug|x64.Build.0 = Debug|x64
		{5ED325EB-03E7-41FB-8F55-27CC0569E465}.Debug|x86.ActiveCfg = Debug|Win32
		{5ED325EB-03E7-41FB-8F55-27CC0569E465}.Debug|x86.Build.0 = Debug|Win32
		{5ED325EB-03E7-41FB-8F55-27CC0569E465}.Release|x64.ActiveCfg = Release|x64
		{5ED325EB-03E7-41FB-8F55-27CC0569E465}.Release|x64.Build.0 = Release|x64
		{5ED325EB-03E7-41FB-8F55-27CC0569E465}.Release|x86.ActiveCfg = Release|Win32
		{5ED325EB-03E7-41FB-8F55-27CC0569E465}.Release|x86.Build.0 = Release|Win32
		{37E8DE98-4349-4F41-B21F-94B8B57BB035}.Debug|x64.ActiveCfg = Debug|x64
		{37E8DE98-4349-4F41-B21F-94B8B57BB035}.Debug|x64.Build.0 = Debug|x64
		{37E8DE98-4349-4F41-B21F-94B8B57BB035}.Debug|x86.ActiveCfg = Debug|Win32
		{37E8DE98-4349-4F41-B21F-94B8B57BB035}.Debug|x86.Build.0 = Debug|Win32
		{37E8DE98-4349-4F41-B21F-94B8B57BB035}.Release|x64.ActiveCfg = Release|x64
		{37E8DE98-4349-4F41-B21F-94B8B57BB035}.Release|x64.Build.0 = Release|x64
		{37E8DE98-4349-4F41-B21F-94B8B57BB035}.Release|x86.ActiveCfg = Release|Win32
		{37E8DE98-4349-4F41-B21F-94B8B57BB035}.Release|x86.Build.0 = Release|Win32
	EndGlobalSection
	GlobalSection(SolutionProperties) = preSolution
		HideSolutionNode = FALSE
	EndGlobalSection
	GlobalSection(ExtensibilityGlobals) = postSolution
		SolutionGuid = {72B41548-5403-4575-A61A-641CC654E247}
	EndGlobalSection
EndGlobal
