<?xml version="1.0" encoding="utf-8"?>
<Project ToolsVersion="4.0" xmlns="http://schemas.microsoft.com/developer/msbuild/2003">
  <ItemGroup>
    <Filter Include="Util">
      <UniqueIdentifier>{82824ae1-488a-4bd4-807c-e1936a0744f5}</UniqueIdentifier>
    </Filter>
    <Filter Include="GUI">
      <UniqueIdentifier>{dbfcc9c5-9862-4ed2-af4a-40d48152fed2}</UniqueIdentifier>
    </Filter>
    <Filter Include="ResourceManager">
      <UniqueIdentifier>{184c2bd6-7de6-40a6-8acc-1c2c43870e69}</UniqueIdentifier>
    </Filter>
    <Filter Include="States">
      <UniqueIdentifier>{616356a6-22c4-410d-ad13-de64dec5b5ad}</UniqueIdentifier>
    </Filter>
  </ItemGroup>
  <ItemGroup>
    <ClInclude Include="Util\ToggleKey.h">
      <Filter>Util</Filter>
    </ClInclude>
    <ClInclude Include="GameState.hpp" />
    <ClInclude Include="IApplication.hpp" />
    <ClInclude Include="Observer.hpp" />
    <ClInclude Include="StateManager.hpp" />
    <ClInclude Include="Utilities.hpp" />
    <ClInclude Include="ResourceManager\ResourceHolder.hpp">
      <Filter>ResourceManager</Filter>
    </ClInclude>
    <ClInclude Include="ResourceManager\ResourceManager.hpp">
      <Filter>ResourceManager</Filter>
    </ClInclude>
    <ClInclude Include="Util\FPSCounter.hpp">
      <Filter>Util</Filter>
    </ClInclude>
    <ClInclude Include="Util\Maths.hpp">
      <Filter>Util</Filter>
    </ClInclude>
    <ClInclude Include="Util\NonCopyable.hpp">
      <Filter>Util</Filter>
    </ClInclude>
    <ClInclude Include="Util\NonMoveable.hpp">
      <Filter>Util</Filter>
    </ClInclude>
    <ClInclude Include="Util\Random.hpp">
      <Filter>Util</Filter>
    </ClInclude>
    <ClInclude Include="States\StateBase.hpp">
      <Filter>States</Filter>
    </ClInclude>
    <ClInclude Include="GUI\Widget.hpp">
      <Filter>GUI</Filter>
    </ClInclude>
    <ClInclude Include="GUI\Textbox.hpp">
      <Filter>GUI</Filter>
    </ClInclude>
    <ClInclude Include="GUI\StackMenu.hpp">
      <Filter>GUI</Filter>
    </ClInclude>
    <ClInclude Include="GUI\Button.hpp">
      <Filter>GUI</Filter>
    </ClInclude>
    <ClInclude Include="IEntity.hpp" />
    <ClInclude Include="IGameState.hpp" />
    <ClInclude Include="IState.hpp" />
    <ClInclude Include="Util\Files.hpp">
      <Filter>Util</Filter>
    </ClInclude>
    <ClInclude Include="Util\Animation.hpp">
      <Filter>Util</Filter>
    </ClInclude>
    <ClInclude Include="BaseGame.hpp" />
  </ItemGroup>
  <ItemGroup>
    <ClCompile Include="GUI\Button.cpp">
      <Filter>GUI</Filter>
    </ClCompile>
    <ClCompile Include="GUI\StackMenu.cpp">
      <Filter>GUI</Filter>
    </ClCompile>
    <ClCompile Include="GUI\Textbox.cpp">
      <Filter>GUI</Filter>
    </ClCompile>
    <ClCompile Include="GUI\Widget.cpp">
      <Filter>GUI</Filter>
    </ClCompile>
    <ClCompile Include="Util\Animation.cpp">
      <Filter>Util</Filter>
    </ClCompile>
    <ClCompile Include="Util\FPSCounter.cpp">
      <Filter>Util</Filter>
    </ClCompile>
    <ClCompile Include="Util\Maths.cpp">
      <Filter>Util</Filter>
    </ClCompile>
    <ClCompile Include="Util\ToggleKey.cpp">
      <Filter>Util</Filter>
    </ClCompile>
    <ClCompile Include="ResourceManager\ResourceHolder.cpp">
      <Filter>ResourceManager</Filter>
    </ClCompile>
    <ClCompile Include="StateManager.cpp" />
    <ClCompile Include="Util\Files.cpp">
      <Filter>Util</Filter>
    </ClCompile>
    <ClCompile Include="Utilities.cpp" />
  </ItemGroup>
</Project>