<?xml version="1.0" encoding="utf-8"?>
<Project ToolsVersion="4.0" xmlns="http://schemas.microsoft.com/developer/msbuild/2003">
  <ItemGroup>
    <Filter Include="Util">
      <UniqueIdentifier>{82824ae1-488a-4bd4-807c-e1936a0744f5}</UniqueIdentifier>
    </Filter>
    <Filter Include="GUI">
      <UniqueIdentifier>{dbfcc9c5-9862-4ed2-af4a-40d48152fed2}</UniqueIdentifier>
    </Filter>
    <Filter Include="ResourceManager">
      <UniqueIdentifier>{184c2bd6-7de6-40a6-8acc-1c2c43870e69}</UniqueIdentifier>
    </Filter>
  </ItemGroup>
  <ItemGroup>
    <ClInclude Include="Utilities.hpp" />
    <ClInclude Include="ResourceManager\ResourceHolder.hpp">
      <Filter>ResourceManager</Filter>
    </ClInclude>
    <ClInclude Include="ResourceManager\ResourceManager.hpp">
      <Filter>ResourceManager</Filter>
    </ClInclude>
    <ClInclude Include="Util\FPSCounter.hpp">
      <Filter>Util</Filter>
    </ClInclude>
    <ClInclude Include="Util\Maths.hpp">
      <Filter>Util</Filter>
    </ClInclude>
    <ClInclude Include="Util\NonCopyable.hpp">
      <Filter>Util</Filter>
    </ClInclude>
    <ClInclude Include="Util\NonMoveable.hpp">
      <Filter>Util</Filter>
    </ClInclude>
    <ClInclude Include="Util\Random.hpp">
      <Filter>Util</Filter>
    </ClInclude>
    <ClInclude Include="GUI\Widget.hpp">
      <Filter>GUI</Filter>
    </ClInclude>
    <ClInclude Include="GUI\Textbox.hpp">
      <Filter>GUI</Filter>
    </ClInclude>
    <ClInclude Include="GUI\StackMenu.hpp">
      <Filter>GUI</Filter>
    </ClInclude>
    <ClInclude Include="GUI\Button.hpp">
      <Filter>GUI</Filter>
    </ClInclude>
    <ClInclude Include="Util\Files.hpp">
      <Filter>Util</Filter>
    </ClInclude>
    <ClInclude Include="Util\Animation.hpp">
      <Filter>Util</Filter>
    </ClInclude>
    <ClInclude Include="GUI\IWidget.hpp">
      <Filter>GUI</Filter>
    </ClInclude>
    <ClInclude Include="Util\Observer.hpp">
      <Filter>Util</Filter>
    </ClInclude>
    <ClInclude Include="GameBase.hpp" />
    <ClInclude Include="StateBase.hpp" />
    <ClInclude Include="Util\Observer2.hpp" />
    <ClInclude Include="Util\Singleton.hpp" />
    <ClInclude Include="Util\ToggleKey.h" />
  </ItemGroup>
  <ItemGroup>
    <ClCompile Include="GUI\Button.cpp">
      <Filter>GUI</Filter>
    </ClCompile>
    <ClCompile Include="GUI\StackMenu.cpp">
      <Filter>GUI</Filter>
    </ClCompile>
    <ClCompile Include="GUI\Textbox.cpp">
      <Filter>GUI</Filter>
    </ClCompile>
    <ClCompile Include="GUI\Widget.cpp">
      <Filter>GUI</Filter>
    </ClCompile>
    <ClCompile Include="ResourceManager\ResourceHolder.cpp">
      <Filter>ResourceManager</Filter>
    </ClCompile>
    <ClCompile Include="Utilities.cpp" />
    <ClCompile Include="Util\Animation.cpp" />
    <ClCompile Include="Util\Files.cpp" />
    <ClCompile Include="Util\FPSCounter.cpp" />
    <ClCompile Include="Util\Maths.cpp" />
    <ClCompile Include="Util\ToggleKey.cpp" />
  </ItemGroup>
</Project>